
Microsoft Visual Studio Solution File, Format Version 12.00
# Visual Studio 15
VisualStudioVersion = 15.0.27130.2024
MinimumVisualStudioVersion = 10.0.40219.1
Project("{FAE04EC0-301F-11D3-BF4B-00C04F79EFBC}") = "FitnessForLife", "FitnessForLife\FitnessForLife.csproj", "{64E85D9C-A770-412A-9CA1-39301088F4BB}"
EndProject
Project("{FAE04EC0-301F-11D3-BF4B-00C04F79EFBC}") = "FitnessForLife.Tests", "FitnessForLife.Tests\FitnessForLife.Tests.csproj", "{2BCA450B-CA4D-4138-A061-998E5E767B6A}"
EndProject
Global
	GlobalSection(SolutionConfigurationPlatforms) = preSolution
		Debug|Any CPU = Debug|Any CPU
		Release|Any CPU = Release|Any CPU
	EndGlobalSection
	GlobalSection(ProjectConfigurationPlatforms) = postSolution
		{64E85D9C-A770-412A-9CA1-39301088F4BB}.Debug|Any CPU.ActiveCfg = Debug|Any CPU
		{64E85D9C-A770-412A-9CA1-39301088F4BB}.Debug|Any CPU.Build.0 = Debug|Any CPU
		{64E85D9C-A770-412A-9CA1-39301088F4BB}.Release|Any CPU.ActiveCfg = Release|Any CPU
		{64E85D9C-A770-412A-9CA1-39301088F4BB}.Release|Any CPU.Build.0 = Release|Any CPU
		{2BCA450B-CA4D-4138-A061-998E5E767B6A}.Debug|Any CPU.ActiveCfg = Debug|Any CPU
		{2BCA450B-CA4D-4138-A061-998E5E767B6A}.Debug|Any CPU.Build.0 = Debug|Any CPU
		{2BCA450B-CA4D-4138-A061-998E5E767B6A}.Release|Any CPU.ActiveCfg = Release|Any CPU
		{2BCA450B-CA4D-4138-A061-998E5E767B6A}.Release|Any CPU.Build.0 = Release|Any CPU
	EndGlobalSection
	GlobalSection(SolutionProperties) = preSolution
		HideSolutionNode = FALSE
	EndGlobalSection
	GlobalSection(ExtensibilityGlobals) = postSolution
		SolutionGuid = {E2238367-CB36-4E7E-8D16-6AA4E571EA49}
	EndGlobalSection
EndGlobal
